dependencies:
- name: apache
  repository: https://charts.bitnami.com/bitnami
  version: 10.9.2
- name: mysql
  repository: https://charts.bitnami.com/bitnami
  version: 11.1.14
digest: sha256:2a8abd1480428257ef7241147c40a24c347cf5a5d6cb8c2ae7baec65add056cb
generated: "2024-07-30T19:13:38.674908+05:30"
